
Microsoft Visual Studio Solution File, Format Version 10.00
# Visual Studio 2008
Project("{FAE04EC0-301F-11D3-BF4B-00C04F79EFBC}") = "mob123", "mob123\mob123.csproj", "{3E3808BE-C468-40C7-B12A-5D7D68BC6379}"
EndProject
Global
	GlobalSection(SolutionConfigurationPlatforms) = preSolution
		Debug|Any CPU = Debug|Any CPU
		Release|Any CPU = Release|Any CPU
	EndGlobalSection
	GlobalSection(ProjectConfigurationPlatforms) = postSolution
		{3E3808BE-C468-40C7-B12A-5D7D68BC6379}.Debug|Any CPU.ActiveCfg = Debug|Any CPU
		{3E3808BE-C468-40C7-B12A-5D7D68BC6379}.Debug|Any CPU.Build.0 = Debug|Any CPU
		{3E3808BE-C468-40C7-B12A-5D7D68BC6379}.Release|Any CPU.ActiveCfg = Release|Any CPU
		{3E3808BE-C468-40C7-B12A-5D7D68BC6379}.Release|Any CPU.Build.0 = Release|Any CPU
	EndGlobalSection
	GlobalSection(SolutionProperties) = preSolution
		HideSolutionNode = FALSE
	EndGlobalSection
EndGlobal
